Microsoft Visual Studio Solution File, Format Version 12.00
# Visual Studio Version 17
VisualStudioVersion = 17.5.2.0
MinimumVisualStudioVersion = 10.0.40219.1
Project("{2150E333-8FDC-42A3-9474-1A3956D46DE8}") = "src2", "src2", "{472F0293-C0A7-074E-1FFC-E614DA5FADA1}"
EndProject
Project("{FAE04EC0-301F-11D3-BF4B-00C04F79EFBC}") = "csharp-adapter", "src2\csharp-adapter\csharp-adapter.csproj", "{F2C792D2-84B2-90B6-D558-431AAC83A893}"
EndProject
Global
	GlobalSection(SolutionConfigurationPlatforms) = preSolution
		Debug|Any CPU = Debug|Any CPU
		Release|Any CPU = Release|Any CPU
	EndGlobalSection
	GlobalSection(ProjectConfigurationPlatforms) = postSolution
		{F2C792D2-84B2-90B6-D558-431AAC83A893}.Debug|Any CPU.ActiveCfg = Debug|Any CPU
		{F2C792D2-84B2-90B6-D558-431AAC83A893}.Debug|Any CPU.Build.0 = Debug|Any CPU
		{F2C792D2-84B2-90B6-D558-431AAC83A893}.Release|Any CPU.ActiveCfg = Release|Any CPU
		{F2C792D2-84B2-90B6-D558-431AAC83A893}.Release|Any CPU.Build.0 = Release|Any CPU
	EndGlobalSection
	GlobalSection(SolutionProperties) = preSolution
		HideSolutionNode = FALSE
	EndGlobalSection
	GlobalSection(NestedProjects) = preSolution
		{F2C792D2-84B2-90B6-D558-431AAC83A893} = {472F0293-C0A7-074E-1FFC-E614DA5FADA1}
	EndGlobalSection
	GlobalSection(ExtensibilityGlobals) = postSolution
		SolutionGuid = {D95FC8BE-4EBE-4918-A9F0-8B409289BA95}
	EndGlobalSection
EndGlobal
